
Microsoft Visual Studio Solution File, Format Version 12.00
# Visual Studio Version 16
VisualStudioVersion = 16.0.29306.81
MinimumVisualStudioVersion = 10.0.40219.1
Project("{FAE04EC0-301F-11D3-BF4B-00C04F79EFBC}") = "SSF-NET", "SSF-NET\SSF-NET.csproj", "{9AF478DE-68DB-4C23-AFD9-AA64651A0AC2}"
	ProjectSection(ProjectDependencies) = postProject
		{FC396209-1D34-4316-BED1-10F6C34167C4} = {FC396209-1D34-4316-BED1-10F6C34167C4}
		{5B96FD36-691A-4ADF-A4BD-0B5888085E7C} = {5B96FD36-691A-4ADF-A4BD-0B5888085E7C}
		{DD73AEFB-D61D-46B9-8311-D36E29F02169} = {DD73AEFB-D61D-46B9-8311-D36E29F02169}
	EndProjectSection
EndProject
Project("{FAE04EC0-301F-11D3-BF4B-00C04F79EFBC}") = "SSF-NET-Almacen", "..\..\SSF-NET-Almacen\SSF-NET-Almacen\SSF-NET-Almacen\SSF-NET-Almacen.csproj", "{4B792186-57A9-4B3C-BF02-7D0A3B60236D}"
	ProjectSection(ProjectDependencies) = postProject
		{FC396209-1D34-4316-BED1-10F6C34167C4} = {FC396209-1D34-4316-BED1-10F6C34167C4}
		{5B96FD36-691A-4ADF-A4BD-0B5888085E7C} = {5B96FD36-691A-4ADF-A4BD-0B5888085E7C}
		{DD73AEFB-D61D-46B9-8311-D36E29F02169} = {DD73AEFB-D61D-46B9-8311-D36E29F02169}
	EndProjectSection
EndProject
Project("{FAE04EC0-301F-11D3-BF4B-00C04F79EFBC}") = "SIAC-Negocio", "..\..\Componentes\SIAC-NET\SIAC-Negocio\SIAC-Negocio\SIAC-Negocio.csproj", "{DD73AEFB-D61D-46B9-8311-D36E29F02169}"
EndProject
Project("{FAE04EC0-301F-11D3-BF4B-00C04F79EFBC}") = "SIAC-Entidades", "..\..\Componentes\SIAC-NET\SIAC-Entidades\SIAC-Entidades\SIAC-Entidades.csproj", "{FC396209-1D34-4316-BED1-10F6C34167C4}"
EndProject
Project("{FAE04EC0-301F-11D3-BF4B-00C04F79EFBC}") = "SIAC-Datos", "..\..\Componentes\SIAC-NET\SIAC-Datos\SIAC-Datos.csproj", "{5B96FD36-691A-4ADF-A4BD-0B5888085E7C}"
EndProject
Project("{FAE04EC0-301F-11D3-BF4B-00C04F79EFBC}") = "SIAC-Objetos", "..\..\Componentes\SIAC-NET\SIAC-Objetos\SIAC-Objetos\SIAC-Objetos.csproj", "{F4F48912-7B4C-4E06-926B-2D98E2F45F07}"
EndProject
Project("{FAE04EC0-301F-11D3-BF4B-00C04F79EFBC}") = "SSF-NET-Ventas", "..\..\SSF-NET-Ventas\SSF-NET-Ventas\SSF-NET-Ventas.csproj", "{659E1171-A667-463E-ABBC-BC581DCE95C2}"
EndProject
Project("{FAE04EC0-301F-11D3-BF4B-00C04F79EFBC}") = "SSF-NET-Planillas", "..\..\SSF-NET-Planillas\SSF-NET-Planillas\SSF-NET-Planillas.csproj", "{A44AB90F-B3CB-40C4-88B5-EF38004D67F8}"
EndProject
Project("{FAE04EC0-301F-11D3-BF4B-00C04F79EFBC}") = "SSF-NET-Produccion", "..\..\SSF-NET-Produccion\SSF-NET-Produccion\SSF-NET-Produccion.csproj", "{EF2AF37B-3630-4456-9970-743880FC5607}"
EndProject
Project("{FAE04EC0-301F-11D3-BF4B-00C04F79EFBC}") = "SSF-NET-Gestion", "..\..\SSF-NET-Gestion\SSF-NET-Gestion\SSF-NET-Gestion.csproj", "{0594A020-C9A1-47CB-B74A-495F598DBFC7}"
EndProject
Project("{FAE04EC0-301F-11D3-BF4B-00C04F79EFBC}") = "SSF-NET-Logistica", "..\..\SSF-NET-Logistica\SSF-NET-Logistica\SSF-NET-Logistica\SSF-NET-Logistica.csproj", "{E97542E7-1A13-4354-A1A1-432476F0D83C}"
EndProject
Project("{FAE04EC0-301F-11D3-BF4B-00C04F79EFBC}") = "SSF-NET-Mantenimiento", "..\..\SSF-NET-Mantenimiento\SSF-NET-Mantenimiento\SSF-NET-Mantenimiento.csproj", "{621A9554-4612-42B6-986C-CD13F067A122}"
EndProject
Project("{FAE04EC0-301F-11D3-BF4B-00C04F79EFBC}") = "SIAC-NET-Cooperativa", "..\..\Componentes\SIAC-NET\SIAC-NET-Cooperativa\SIAC-NET-Cooperativa\SIAC-NET-Cooperativa.csproj", "{34CFF5EC-8357-43E3-8E12-44638DD17408}"
EndProject
Project("{FAE04EC0-301F-11D3-BF4B-00C04F79EFBC}") = "SSF-NET-Contabilidad", "..\..\SSF-NET-Contabilidad\SSF-NET-Contabilidad\SSF-NET-Contabilidad.csproj", "{61F4663C-64A7-4D8B-9CFB-EDB4FFE7AEF9}"
EndProject
Project("{FAE04EC0-301F-11D3-BF4B-00C04F79EFBC}") = "SSF-NET-Tesoreria", "..\..\SSF-NET-Tesoreria\SSF-NET-Tesoreria\SSF-NET-Tesoreria.csproj", "{EAC0DC80-ADBA-4D99-AC16-C15B0ADFD0C8}"
EndProject
Project("{FAE04EC0-301F-11D3-BF4B-00C04F79EFBC}") = "Helper", "..\..\Componentes\Helper\Helper\Helper.csproj", "{241F484B-CA5A-4E91-90B7-E3B22731E825}"
EndProject
Project("{FAE04EC0-301F-11D3-BF4B-00C04F79EFBC}") = "SIAC-NET-Estacionamientos", "..\..\Componentes\SIAC-NET\SIAC-NET-Estacionamientos\SIAC-NET-Estacionamientos\SIAC-NET-Estacionamientos.csproj", "{6D040714-C152-445C-AE20-A2E08BE83E68}"
EndProject
Project("{FAE04EC0-301F-11D3-BF4B-00C04F79EFBC}") = "SSF-NET-Reportes", "..\..\SSF-NET-Reportes\SSF-NET-Reportes.csproj", "{F5CB1EA2-7B06-44DB-A4AD-90B8721F73A3}"
EndProject
Global
	GlobalSection(SolutionConfigurationPlatforms) = preSolution
		Debug|Any CPU = Debug|Any CPU
		Release|Any CPU = Release|Any CPU
	EndGlobalSection
	GlobalSection(ProjectConfigurationPlatforms) = postSolution
		{9AF478DE-68DB-4C23-AFD9-AA64651A0AC2}.Debug|Any CPU.ActiveCfg = Debug|Any CPU
		{9AF478DE-68DB-4C23-AFD9-AA64651A0AC2}.Debug|Any CPU.Build.0 = Debug|Any CPU
		{9AF478DE-68DB-4C23-AFD9-AA64651A0AC2}.Release|Any CPU.ActiveCfg = Release|Any CPU
		{9AF478DE-68DB-4C23-AFD9-AA64651A0AC2}.Release|Any CPU.Build.0 = Release|Any CPU
		{4B792186-57A9-4B3C-BF02-7D0A3B60236D}.Debug|Any CPU.ActiveCfg = Debug|Any CPU
		{4B792186-57A9-4B3C-BF02-7D0A3B60236D}.Debug|Any CPU.Build.0 = Debug|Any CPU
		{4B792186-57A9-4B3C-BF02-7D0A3B60236D}.Release|Any CPU.ActiveCfg = Release|Any CPU
		{4B792186-57A9-4B3C-BF02-7D0A3B60236D}.Release|Any CPU.Build.0 = Release|Any CPU
		{DD73AEFB-D61D-46B9-8311-D36E29F02169}.Debug|Any CPU.ActiveCfg = Debug|Any CPU
		{DD73AEFB-D61D-46B9-8311-D36E29F02169}.Debug|Any CPU.Build.0 = Debug|Any CPU
		{DD73AEFB-D61D-46B9-8311-D36E29F02169}.Release|Any CPU.ActiveCfg = Release|Any CPU
		{DD73AEFB-D61D-46B9-8311-D36E29F02169}.Release|Any CPU.Build.0 = Release|Any CPU
		{FC396209-1D34-4316-BED1-10F6C34167C4}.Debug|Any CPU.ActiveCfg = Debug|Any CPU
		{FC396209-1D34-4316-BED1-10F6C34167C4}.Debug|Any CPU.Build.0 = Debug|Any CPU
		{FC396209-1D34-4316-BED1-10F6C34167C4}.Release|Any CPU.ActiveCfg = Release|Any CPU
		{FC396209-1D34-4316-BED1-10F6C34167C4}.Release|Any CPU.Build.0 = Release|Any CPU
		{5B96FD36-691A-4ADF-A4BD-0B5888085E7C}.Debug|Any CPU.ActiveCfg = Debug|Any CPU
		{5B96FD36-691A-4ADF-A4BD-0B5888085E7C}.Debug|Any CPU.Build.0 = Debug|Any CPU
		{5B96FD36-691A-4ADF-A4BD-0B5888085E7C}.Release|Any CPU.ActiveCfg = Release|Any CPU
		{5B96FD36-691A-4ADF-A4BD-0B5888085E7C}.Release|Any CPU.Build.0 = Release|Any CPU
		{F4F48912-7B4C-4E06-926B-2D98E2F45F07}.Debug|Any CPU.ActiveCfg = Debug|Any CPU
		{F4F48912-7B4C-4E06-926B-2D98E2F45F07}.Debug|Any CPU.Build.0 = Debug|Any CPU
		{F4F48912-7B4C-4E06-926B-2D98E2F45F07}.Release|Any CPU.ActiveCfg = Release|Any CPU
		{F4F48912-7B4C-4E06-926B-2D98E2F45F07}.Release|Any CPU.Build.0 = Release|Any CPU
		{659E1171-A667-463E-ABBC-BC581DCE95C2}.Debug|Any CPU.ActiveCfg = Debug|Any CPU
		{659E1171-A667-463E-ABBC-BC581DCE95C2}.Debug|Any CPU.Build.0 = Debug|Any CPU
		{659E1171-A667-463E-ABBC-BC581DCE95C2}.Release|Any CPU.ActiveCfg = Release|Any CPU
		{659E1171-A667-463E-ABBC-BC581DCE95C2}.Release|Any CPU.Build.0 = Release|Any CPU
		{A44AB90F-B3CB-40C4-88B5-EF38004D67F8}.Debug|Any CPU.ActiveCfg = Debug|Any CPU
		{A44AB90F-B3CB-40C4-88B5-EF38004D67F8}.Debug|Any CPU.Build.0 = Debug|Any CPU
		{A44AB90F-B3CB-40C4-88B5-EF38004D67F8}.Release|Any CPU.ActiveCfg = Release|Any CPU
		{A44AB90F-B3CB-40C4-88B5-EF38004D67F8}.Release|Any CPU.Build.0 = Release|Any CPU
		{EF2AF37B-3630-4456-9970-743880FC5607}.Debug|Any CPU.ActiveCfg = Debug|Any CPU
		{EF2AF37B-3630-4456-9970-743880FC5607}.Debug|Any CPU.Build.0 = Debug|Any CPU
		{EF2AF37B-3630-4456-9970-743880FC5607}.Release|Any CPU.ActiveCfg = Release|Any CPU
		{EF2AF37B-3630-4456-9970-743880FC5607}.Release|Any CPU.Build.0 = Release|Any CPU
		{0594A020-C9A1-47CB-B74A-495F598DBFC7}.Debug|Any CPU.ActiveCfg = Debug|Any CPU
		{0594A020-C9A1-47CB-B74A-495F598DBFC7}.Debug|Any CPU.Build.0 = Debug|Any CPU
		{0594A020-C9A1-47CB-B74A-495F598DBFC7}.Release|Any CPU.ActiveCfg = Release|Any CPU
		{0594A020-C9A1-47CB-B74A-495F598DBFC7}.Release|Any CPU.Build.0 = Release|Any CPU
		{E97542E7-1A13-4354-A1A1-432476F0D83C}.Debug|Any CPU.ActiveCfg = Debug|Any CPU
		{E97542E7-1A13-4354-A1A1-432476F0D83C}.Debug|Any CPU.Build.0 = Debug|Any CPU
		{E97542E7-1A13-4354-A1A1-432476F0D83C}.Release|Any CPU.ActiveCfg = Release|Any CPU
		{E97542E7-1A13-4354-A1A1-432476F0D83C}.Release|Any CPU.Build.0 = Release|Any CPU
		{621A9554-4612-42B6-986C-CD13F067A122}.Debug|Any CPU.ActiveCfg = Debug|Any CPU
		{621A9554-4612-42B6-986C-CD13F067A122}.Debug|Any CPU.Build.0 = Debug|Any CPU
		{621A9554-4612-42B6-986C-CD13F067A122}.Release|Any CPU.ActiveCfg = Release|Any CPU
		{621A9554-4612-42B6-986C-CD13F067A122}.Release|Any CPU.Build.0 = Release|Any CPU
		{34CFF5EC-8357-43E3-8E12-44638DD17408}.Debug|Any CPU.ActiveCfg = Debug|Any CPU
		{34CFF5EC-8357-43E3-8E12-44638DD17408}.Debug|Any CPU.Build.0 = Debug|Any CPU
		{34CFF5EC-8357-43E3-8E12-44638DD17408}.Release|Any CPU.ActiveCfg = Release|Any CPU
		{34CFF5EC-8357-43E3-8E12-44638DD17408}.Release|Any CPU.Build.0 = Release|Any CPU
		{61F4663C-64A7-4D8B-9CFB-EDB4FFE7AEF9}.Debug|Any CPU.ActiveCfg = Debug|Any CPU
		{61F4663C-64A7-4D8B-9CFB-EDB4FFE7AEF9}.Debug|Any CPU.Build.0 = Debug|Any CPU
		{61F4663C-64A7-4D8B-9CFB-EDB4FFE7AEF9}.Release|Any CPU.ActiveCfg = Release|Any CPU
		{61F4663C-64A7-4D8B-9CFB-EDB4FFE7AEF9}.Release|Any CPU.Build.0 = Release|Any CPU
		{EAC0DC80-ADBA-4D99-AC16-C15B0ADFD0C8}.Debug|Any CPU.ActiveCfg = Debug|Any CPU
		{EAC0DC80-ADBA-4D99-AC16-C15B0ADFD0C8}.Debug|Any CPU.Build.0 = Debug|Any CPU
		{EAC0DC80-ADBA-4D99-AC16-C15B0ADFD0C8}.Release|Any CPU.ActiveCfg = Release|Any CPU
		{EAC0DC80-ADBA-4D99-AC16-C15B0ADFD0C8}.Release|Any CPU.Build.0 = Release|Any CPU
		{241F484B-CA5A-4E91-90B7-E3B22731E825}.Debug|Any CPU.ActiveCfg = Debug|Any CPU
		{241F484B-CA5A-4E91-90B7-E3B22731E825}.Debug|Any CPU.Build.0 = Debug|Any CPU
		{241F484B-CA5A-4E91-90B7-E3B22731E825}.Release|Any CPU.ActiveCfg = Release|Any CPU
		{241F484B-CA5A-4E91-90B7-E3B22731E825}.Release|Any CPU.Build.0 = Release|Any CPU
		{6D040714-C152-445C-AE20-A2E08BE83E68}.Debug|Any CPU.ActiveCfg = Debug|Any CPU
		{6D040714-C152-445C-AE20-A2E08BE83E68}.Debug|Any CPU.Build.0 = Debug|Any CPU
		{6D040714-C152-445C-AE20-A2E08BE83E68}.Release|Any CPU.ActiveCfg = Release|Any CPU
		{6D040714-C152-445C-AE20-A2E08BE83E68}.Release|Any CPU.Build.0 = Release|Any CPU
		{F5CB1EA2-7B06-44DB-A4AD-90B8721F73A3}.Debug|Any CPU.ActiveCfg = Debug|Any CPU
		{F5CB1EA2-7B06-44DB-A4AD-90B8721F73A3}.Debug|Any CPU.Build.0 = Debug|Any CPU
		{F5CB1EA2-7B06-44DB-A4AD-90B8721F73A3}.Release|Any CPU.ActiveCfg = Release|Any CPU
		{F5CB1EA2-7B06-44DB-A4AD-90B8721F73A3}.Release|Any CPU.Build.0 = Release|Any CPU
	EndGlobalSection
	GlobalSection(SolutionProperties) = preSolution
		HideSolutionNode = FALSE
	EndGlobalSection
	GlobalSection(ExtensibilityGlobals) = postSolution
		SolutionGuid = {56A41C40-E7B5-4148-A148-81221E29F88F}
	EndGlobalSection
EndGlobal
