
Microsoft Visual Studio Solution File, Format Version 12.00
# Visual Studio 2013
VisualStudioVersion = 12.0.21005.1
MinimumVisualStudioVersion = 10.0.40219.1
Project("{54435603-DBB4-11D2-8724-00A0C9A8B90C}") = "Setup_SSF", "Setup_SSF\Setup_SSF.vdproj", "{A6DE8B6E-3DE2-464E-9991-232A27A530EA}"
EndProject
Global
	GlobalSection(SolutionConfigurationPlatforms) = preSolution
		Debug|Default = Debug|Default
		Release|Default = Release|Default
	EndGlobalSection
	GlobalSection(ProjectConfigurationPlatforms) = postSolution
		{A6DE8B6E-3DE2-464E-9991-232A27A530EA}.Debug|Default.ActiveCfg = Debug
		{A6DE8B6E-3DE2-464E-9991-232A27A530EA}.Debug|Default.Build.0 = Debug
		{A6DE8B6E-3DE2-464E-9991-232A27A530EA}.Release|Default.ActiveCfg = Release
		{A6DE8B6E-3DE2-464E-9991-232A27A530EA}.Release|Default.Build.0 = Release
	EndGlobalSection
	GlobalSection(SolutionProperties) = preSolution
		HideSolutionNode = FALSE
	EndGlobalSection
EndGlobal
